
Microsoft Visual Studio Solution File, Format Version 12.00
# Visual Studio Version 17
VisualStudioVersion = 17.10.35122.118
MinimumVisualStudioVersion = 10.0.40219.1
Project("{8BC9CEB8-8B4A-11D0-8D11-00A0C91BC942}") = "Reference", "Reference\Reference.vcxproj", "{F16BB68E-BF21-4C73-A13E-7953733E0855}"
EndProject
Global
	GlobalSection(SolutionConfigurationPlatforms) = preSolution
		Debug|x64 = Debug|x64
		Debug|x86 = Debug|x86
		Release|x64 = Release|x64
		Release|x86 = Release|x86
	EndGlobalSection
	GlobalSection(ProjectConfigurationPlatforms) = postSolution
		{F16BB68E-BF21-4C73-A13E-7953733E0855}.Debug|x64.ActiveCfg = Debug|x64
		{F16BB68E-BF21-4C73-A13E-7953733E0855}.Debug|x64.Build.0 = Debug|x64
		{F16BB68E-BF21-4C73-A13E-7953733E0855}.Debug|x86.ActiveCfg = Debug|Win32
		{F16BB68E-BF21-4C73-A13E-7953733E0855}.Debug|x86.Build.0 = Debug|Win32
		{F16BB68E-BF21-4C73-A13E-7953733E0855}.Release|x64.ActiveCfg = Release|x64
		{F16BB68E-BF21-4C73-A13E-7953733E0855}.Release|x64.Build.0 = Release|x64
		{F16BB68E-BF21-4C73-A13E-7953733E0855}.Release|x86.ActiveCfg = Release|Win32
		{F16BB68E-BF21-4C73-A13E-7953733E0855}.Release|x86.Build.0 = Release|Win32
	EndGlobalSection
	GlobalSection(SolutionProperties) = preSolution
		HideSolutionNode = FALSE
	EndGlobalSection
	GlobalSection(ExtensibilityGlobals) = postSolution
		SolutionGuid = {134F9EF2-5A79-415D-AE69-DA192B337961}
	EndGlobalSection
EndGlobal
