
Microsoft Visual Studio Solution File, Format Version 12.00
# Visual Studio Version 17
VisualStudioVersion = 17.10.35122.118
MinimumVisualStudioVersion = 10.0.40219.1
Project("{8BC9CEB8-8B4A-11D0-8D11-00A0C91BC942}") = "NewProject", "NewProject\NewProject.vcxproj", "{23520140-29F7-4986-9B00-90CB15DA6FAE}"
EndProject
Global
	GlobalSection(SolutionConfigurationPlatforms) = preSolution
		Debug|x64 = Debug|x64
		Debug|x86 = Debug|x86
		Release|x64 = Release|x64
		Release|x86 = Release|x86
	EndGlobalSection
	GlobalSection(ProjectConfigurationPlatforms) = postSolution
		{23520140-29F7-4986-9B00-90CB15DA6FAE}.Debug|x64.ActiveCfg = Debug|x64
		{23520140-29F7-4986-9B00-90CB15DA6FAE}.Debug|x64.Build.0 = Debug|x64
		{23520140-29F7-4986-9B00-90CB15DA6FAE}.Debug|x86.ActiveCfg = Debug|Win32
		{23520140-29F7-4986-9B00-90CB15DA6FAE}.Debug|x86.Build.0 = Debug|Win32
		{23520140-29F7-4986-9B00-90CB15DA6FAE}.Release|x64.ActiveCfg = Release|x64
		{23520140-29F7-4986-9B00-90CB15DA6FAE}.Release|x64.Build.0 = Release|x64
		{23520140-29F7-4986-9B00-90CB15DA6FAE}.Release|x86.ActiveCfg = Release|Win32
		{23520140-29F7-4986-9B00-90CB15DA6FAE}.Release|x86.Build.0 = Release|Win32
	EndGlobalSection
	GlobalSection(SolutionProperties) = preSolution
		HideSolutionNode = FALSE
	EndGlobalSection
	GlobalSection(ExtensibilityGlobals) = postSolution
		SolutionGuid = {6E44002D-3F44-46AF-B3F1-83D8048F070E}
	EndGlobalSection
EndGlobal
